
Microsoft Visual Studio Solution File, Format Version 12.00
# Visual Studio 14
VisualStudioVersion = 14.0.25420.1
MinimumVisualStudioVersion = 10.0.40219.1
Project("{FAE04EC0-301F-11D3-BF4B-00C04F79EFBC}") = "MessagingServiceAPI", "MessagingServiceAPI\MessagingServiceAPI.csproj", "{AE60795F-5C5D-4AB0-861E-C0D8E10E1207}"
EndProject
Project("{FAE04EC0-301F-11D3-BF4B-00C04F79EFBC}") = "MessagingServiceManager", "MessagingServiceManager\MessagingServiceManager.csproj", "{ACA36ECF-6038-41A7-90A6-D22DAEBA3F09}"
EndProject
Project("{FAE04EC0-301F-11D3-BF4B-00C04F79EFBC}") = "MessagingService", "MessagingService\MessagingService.csproj", "{B88F9F1C-18E5-4DE7-A72E-1DC18024319D}"
EndProject
Global
	GlobalSection(SolutionConfigurationPlatforms) = preSolution
		Debug|Any CPU = Debug|Any CPU
		Release|Any CPU = Release|Any CPU
	EndGlobalSection
	GlobalSection(ProjectConfigurationPlatforms) = postSolution
		{AE60795F-5C5D-4AB0-861E-C0D8E10E1207}.Debug|Any CPU.ActiveCfg = Debug|Any CPU
		{AE60795F-5C5D-4AB0-861E-C0D8E10E1207}.Debug|Any CPU.Build.0 = Debug|Any CPU
		{AE60795F-5C5D-4AB0-861E-C0D8E10E1207}.Release|Any CPU.ActiveCfg = Release|Any CPU
		{AE60795F-5C5D-4AB0-861E-C0D8E10E1207}.Release|Any CPU.Build.0 = Release|Any CPU
		{ACA36ECF-6038-41A7-90A6-D22DAEBA3F09}.Debug|Any CPU.ActiveCfg = Debug|Any CPU
		{ACA36ECF-6038-41A7-90A6-D22DAEBA3F09}.Debug|Any CPU.Build.0 = Debug|Any CPU
		{ACA36ECF-6038-41A7-90A6-D22DAEBA3F09}.Release|Any CPU.ActiveCfg = Release|Any CPU
		{ACA36ECF-6038-41A7-90A6-D22DAEBA3F09}.Release|Any CPU.Build.0 = Release|Any CPU
		{B88F9F1C-18E5-4DE7-A72E-1DC18024319D}.Debug|Any CPU.ActiveCfg = Debug|Any CPU
		{B88F9F1C-18E5-4DE7-A72E-1DC18024319D}.Debug|Any CPU.Build.0 = Debug|Any CPU
		{B88F9F1C-18E5-4DE7-A72E-1DC18024319D}.Release|Any CPU.ActiveCfg = Release|Any CPU
		{B88F9F1C-18E5-4DE7-A72E-1DC18024319D}.Release|Any CPU.Build.0 = Release|Any CPU
	EndGlobalSection
	GlobalSection(SolutionProperties) = preSolution
		HideSolutionNode = FALSE
	EndGlobalSection
EndGlobal
