
Microsoft Visual Studio Solution File, Format Version 12.00
# Visual Studio 2013
VisualStudioVersion = 12.0.21005.1
MinimumVisualStudioVersion = 10.0.40219.1
Project("{FAE04EC0-301F-11D3-BF4B-00C04F79EFBC}") = "MIDAS.Core", "MIDAS.Core\MIDAS.Core.csproj", "{92E1A500-906B-4BA8-9A94-AD0BF4E84204}"
EndProject
Project("{FAE04EC0-301F-11D3-BF4B-00C04F79EFBC}") = "MIDAS.Infrastructure", "MIDAS.Infrastructure\MIDAS.Infrastructure.csproj", "{D7DB41EC-84E4-4069-87A8-71B1A084DEE4}"
EndProject
Project("{FAE04EC0-301F-11D3-BF4B-00C04F79EFBC}") = "MIDAS.WebAPI", "MIDAS.WebAPI\MIDAS.WebAPI.csproj", "{ED273881-B259-4F30-B722-32737E460F6B}"
EndProject
Project("{FAE04EC0-301F-11D3-BF4B-00C04F79EFBC}") = "MIDAS.WebAPI.Tests", "MIDAS.WebAPI.Tests\MIDAS.WebAPI.Tests.csproj", "{A48020B4-E8CE-4E2E-9124-35BFDE130041}"
EndProject
Global
	GlobalSection(SolutionConfigurationPlatforms) = preSolution
		Debug|Any CPU = Debug|Any CPU
		Release|Any CPU = Release|Any CPU
	EndGlobalSection
	GlobalSection(ProjectConfigurationPlatforms) = postSolution
		{92E1A500-906B-4BA8-9A94-AD0BF4E84204}.Debug|Any CPU.ActiveCfg = Debug|Any CPU
		{92E1A500-906B-4BA8-9A94-AD0BF4E84204}.Debug|Any CPU.Build.0 = Debug|Any CPU
		{92E1A500-906B-4BA8-9A94-AD0BF4E84204}.Release|Any CPU.ActiveCfg = Release|Any CPU
		{92E1A500-906B-4BA8-9A94-AD0BF4E84204}.Release|Any CPU.Build.0 = Release|Any CPU
		{D7DB41EC-84E4-4069-87A8-71B1A084DEE4}.Debug|Any CPU.ActiveCfg = Debug|Any CPU
		{D7DB41EC-84E4-4069-87A8-71B1A084DEE4}.Debug|Any CPU.Build.0 = Debug|Any CPU
		{D7DB41EC-84E4-4069-87A8-71B1A084DEE4}.Release|Any CPU.ActiveCfg = Release|Any CPU
		{D7DB41EC-84E4-4069-87A8-71B1A084DEE4}.Release|Any CPU.Build.0 = Release|Any CPU
		{ED273881-B259-4F30-B722-32737E460F6B}.Debug|Any CPU.ActiveCfg = Debug|Any CPU
		{ED273881-B259-4F30-B722-32737E460F6B}.Debug|Any CPU.Build.0 = Debug|Any CPU
		{ED273881-B259-4F30-B722-32737E460F6B}.Release|Any CPU.ActiveCfg = Release|Any CPU
		{ED273881-B259-4F30-B722-32737E460F6B}.Release|Any CPU.Build.0 = Release|Any CPU
		{A48020B4-E8CE-4E2E-9124-35BFDE130041}.Debug|Any CPU.ActiveCfg = Debug|Any CPU
		{A48020B4-E8CE-4E2E-9124-35BFDE130041}.Debug|Any CPU.Build.0 = Debug|Any CPU
		{A48020B4-E8CE-4E2E-9124-35BFDE130041}.Release|Any CPU.ActiveCfg = Release|Any CPU
		{A48020B4-E8CE-4E2E-9124-35BFDE130041}.Release|Any CPU.Build.0 = Release|Any CPU
	EndGlobalSection
	GlobalSection(SolutionProperties) = preSolution
		HideSolutionNode = FALSE
	EndGlobalSection
EndGlobal
